
Microsoft Visual Studio Solution File, Format Version 12.00
# Visual Studio Version 17
VisualStudioVersion = 17.0.31903.59
MinimumVisualStudioVersion = 10.0.40219.1
Project("{FAE04EC0-301F-11D3-BF4B-00C04F79EFBC}") = "Ingots.Core", "Ingots.Core\Ingots.Core.csproj", "{A571CD4D-3C2F-47FC-A744-A22B921EED43}"
EndProject
Project("{FAE04EC0-301F-11D3-BF4B-00C04F79EFBC}") = "Ingots.Parsers", "Ingots.Parsers\Ingots.Parsers.csproj", "{77A0CFDA-DE4C-4778-854B-A8F3F936BA19}"
EndProject
Project("{FAE04EC0-301F-11D3-BF4B-00C04F79EFBC}") = "Ingots.ViewModels", "Ingots.ViewModels\Ingots.ViewModels.csproj", "{63D99476-C656-418E-AEDF-4B3D3EF42058}"
EndProject
Global
	GlobalSection(SolutionConfigurationPlatforms) = preSolution
		Debug|Any CPU = Debug|Any CPU
		Release|Any CPU = Release|Any CPU
	EndGlobalSection
	GlobalSection(SolutionProperties) = preSolution
		HideSolutionNode = FALSE
	EndGlobalSection
	GlobalSection(ProjectConfigurationPlatforms) = postSolution
		{A571CD4D-3C2F-47FC-A744-A22B921EED43}.Debug|Any CPU.ActiveCfg = Debug|Any CPU
		{A571CD4D-3C2F-47FC-A744-A22B921EED43}.Debug|Any CPU.Build.0 = Debug|Any CPU
		{A571CD4D-3C2F-47FC-A744-A22B921EED43}.Release|Any CPU.ActiveCfg = Release|Any CPU
		{A571CD4D-3C2F-47FC-A744-A22B921EED43}.Release|Any CPU.Build.0 = Release|Any CPU
		{77A0CFDA-DE4C-4778-854B-A8F3F936BA19}.Debug|Any CPU.ActiveCfg = Debug|Any CPU
		{77A0CFDA-DE4C-4778-854B-A8F3F936BA19}.Debug|Any CPU.Build.0 = Debug|Any CPU
		{77A0CFDA-DE4C-4778-854B-A8F3F936BA19}.Release|Any CPU.ActiveCfg = Release|Any CPU
		{77A0CFDA-DE4C-4778-854B-A8F3F936BA19}.Release|Any CPU.Build.0 = Release|Any CPU
		{63D99476-C656-418E-AEDF-4B3D3EF42058}.Debug|Any CPU.ActiveCfg = Debug|Any CPU
		{63D99476-C656-418E-AEDF-4B3D3EF42058}.Debug|Any CPU.Build.0 = Debug|Any CPU
		{63D99476-C656-418E-AEDF-4B3D3EF42058}.Release|Any CPU.ActiveCfg = Release|Any CPU
		{63D99476-C656-418E-AEDF-4B3D3EF42058}.Release|Any CPU.Build.0 = Release|Any CPU
	EndGlobalSection
EndGlobal
